// !$*UTF8*$!
{
	archiveVersion = 1;
	classes = {
	};
	objectVersion = 60;
	objects = {

/* Begin PBXBuildFile section */
		10D5462B9204E6941A015B95 /* bloop.wav in Resources */ = {isa = PBXBuildFile; fileRef = 0DC2472988358518CE75D8A6 /* bloop.wav */; };
		15EA4C49A62B433BA56BA1DC /* IconAutumn@3x.png in Resources */ = {isa = PBXBuildFile; fileRef = 19EB427BA20B44148C01819D /* IconAutumn@3x.png */; };
		1D684953B71538B1FAB107CA /* IconCream@2x.png in Resources */ = {isa = PBXBuildFile; fileRef = 8378443FB38159A5D9E277AB /* IconCream@2x.png */; };
		1DFB406D8873FD53F4A470DC /* IconChristmas@3x.png in Resources */ = {isa = PBXBuildFile; fileRef = 7B264F758827821FB1D5D4D9 /* IconChristmas@3x.png */; };
		204A4FAAB76DCFE004DC4B4D /* IconHalloween@3x.png in Resources */ = {isa = PBXBuildFile; fileRef = 7F0B46E9B304C7C43F4E551A /* IconHalloween@3x.png */; };
		22AA444ABBE94E2AC3C98CE0 /* IconSpring@3x.png in Resources */ = {isa = PBXBuildFile; fileRef = 527C421686D01E2786EAB1CB /* IconSpring@3x.png */; };
		264944EA87A1855B603B9664 /* IconForest@2x.png in Resources */ = {isa = PBXBuildFile; fileRef = C16440A1B61CA36F10CEB803 /* IconForest@2x.png */; };
		2FAD9763203C412B000D30F8 /* config.xml in Resources */ = {isa = PBXBuildFile; fileRef = 2FAD9762203C412B000D30F8 /* config.xml */; };
		333C4E1B8215290457F16CE2 /* IconTerra@3x.png in Resources */ = {isa = PBXBuildFile; fileRef = 16DC40279989340E9E515A85 /* IconTerra@3x.png */; };
		349A43FAA8259B8CE691ACB0 /* marimba.wav in Resources */ = {isa = PBXBuildFile; fileRef = CED44204AEC24F707753F7D5 /* marimba.wav */; };
		43F8452BBEC95B1734D9E3CA /* IconSummer@2x.png in Resources */ = {isa = PBXBuildFile; fileRef = FA4A450C9053896E9AA90AB8 /* IconSummer@2x.png */; };
		4D22ABE92AF431CB00220026 /* CapApp-SPM in Frameworks */ = {isa = PBXBuildFile; productRef = 4D22ABE82AF431CB00220026 /* CapApp-SPM */; };
		50379B232058CBB4000EE86E /* capacitor.config.json in Resources */ = {isa = PBXBuildFile; fileRef = 50379B222058CBB4000EE86E /* capacitor.config.json */; };
		504EC3081FED79650016851F /* AppDelegate.swift in Sources */ = {isa = PBXBuildFile; fileRef = 504EC3071FED79650016851F /* AppDelegate.swift */; };
		504EC30D1FED79650016851F /* Main.storyboard in Resources */ = {isa = PBXBuildFile; fileRef = 504EC30B1FED79650016851F /* Main.storyboard */; };
		504EC30F1FED79650016851F /* Assets.xcassets in Resources */ = {isa = PBXBuildFile; fileRef = 504EC30E1FED79650016851F /* Assets.xcassets */; };
		504EC3121FED79650016851F /* LaunchScreen.storyboard in Resources */ = {isa = PBXBuildFile; fileRef = 504EC3101FED79650016851F /* LaunchScreen.storyboard */; };
		50B271D11FEDC1A000F3C39B /* public in Resources */ = {isa = PBXBuildFile; fileRef = 50B271D01FEDC1A000F3C39B /* public */; };
		661B4CA4913940A81B79EEDD /* triad.wav in Resources */ = {isa = PBXBuildFile; fileRef = 64C44DC89E3667A215018CB0 /* triad.wav */; };
		67DE460B85DD1A3505E326FF /* IconNewyear@2x.png in Resources */ = {isa = PBXBuildFile; fileRef = 87034E6A862641C489E3E6D1 /* IconNewyear@2x.png */; };
		68FB4CF5B94BFF50F8532283 /* ding.wav in Resources */ = {isa = PBXBuildFile; fileRef = C5D84AE2B35FEF341014AD23 /* ding.wav */; };
		6A4C4986B53301B92340BBA7 /* IconAutumn@2x.png in Resources */ = {isa = PBXBuildFile; fileRef = 0AB04630AD01EAA2CA3729BC /* IconAutumn@2x.png */; };
		72184346A960EAE37984A085 /* rising.wav in Resources */ = {isa = PBXBuildFile; fileRef = 2E7B4F7E8280BCF4F50C29DE /* rising.wav */; };
		7ED34FEAA4900D6229A20CD8 /* IconSummer@3x.png in Resources */ = {isa = PBXBuildFile; fileRef = A3814E3E898E68B4B2F9C9F3 /* IconSummer@3x.png */; };
		864F4BCCB17793CDCFACC136 /* soft-bell.wav in Resources */ = {isa = PBXBuildFile; fileRef = 52204284BF5CB5E661F0E7F3 /* soft-bell.wav */; };
		A47446328028090BF99F5826 /* IconForest@3x.png in Resources */ = {isa = PBXBuildFile; fileRef = 7FD046D691C7DE7CABDC8BC2 /* IconForest@3x.png */; };
		A4A44C68BD52723AFA551E31 /* IconWinter@3x.png in Resources */ = {isa = PBXBuildFile; fileRef = 440D46ACAA30C97D663C66FB /* IconWinter@3x.png */; };
		A53F4D44830B7FE965725E53 /* beep.wav in Resources */ = {isa = PBXBuildFile; fileRef = 7C0C4A52AA8C9ADDFEEA4088 /* beep.wav */; };
		A6FE4CF2821F1740D1257DA3 /* chime.wav in Resources */ = {isa = PBXBuildFile; fileRef = E35C4ECDA614F5608A4BCA85 /* chime.wav */; };
		ACCB4DF5BEF4ED6122FB117E /* IconNewyear@3x.png in Resources */ = {isa = PBXBuildFile; fileRef = D5494DF5A1C8B3B310420EB0 /* IconNewyear@3x.png */; };
		B16A4757BAA10F870675D445 /* IconTerra@2x.png in Resources */ = {isa = PBXBuildFile; fileRef = 66A74C39B444A94D245036D9 /* IconTerra@2x.png */; };
		B23047509FB2CE04C851F7C6 /* IconCream@3x.png in Resources */ = {isa = PBXBuildFile; fileRef = 980840F5957BB0F8286D99CD /* IconCream@3x.png */; };
		B94C430F936BCF8D4E45CF11 /* alert.wav in Resources */ = {isa = PBXBuildFile; fileRef = 6B1448C59011E0B8B6255C1D /* alert.wav */; };
		BB544BB2A391583B7B56AC9D /* double-beep.wav in Resources */ = {isa = PBXBuildFile; fileRef = 4BF54C7FA57FB8198B31AB7D /* double-beep.wav */; };
		BBF046D3AA15E3946E392CAA /* IconHalloween@2x.png in Resources */ = {isa = PBXBuildFile; fileRef = 535A474FAA632F27239A10A9 /* IconHalloween@2x.png */; };
		C70B46E993545D9D6A53B8F8 /* pluck.wav in Resources */ = {isa = PBXBuildFile; fileRef = BB0B4D8FBBF3CA52F4987B25 /* pluck.wav */; };
		CF2B4AB08D91587421D81E18 /* descending.wav in Resources */ = {isa = PBXBuildFile; fileRef = 34E94B6FAA9994E82490477A /* descending.wav */; };
		D2344EB2965A59C4EE8D02A9 /* IconSpring@2x.png in Resources */ = {isa = PBXBuildFile; fileRef = 81D144A78066E4C40226A82F /* IconSpring@2x.png */; };
		DFCC4B8A8733B322163FDB64 /* IconWinter@2x.png in Resources */ = {isa = PBXBuildFile; fileRef = E2D74A0EBFBBEFD0C551BB6C /* IconWinter@2x.png */; };
		EA2547C4902670246C3976C6 /* IconValentines@2x.png in Resources */ = {isa = PBXBuildFile; fileRef = D8DB439384A994ECAE9893B7 /* IconValentines@2x.png */; };
		F2744E48ACFF748A9EC083A7 /* IconChristmas@2x.png in Resources */ = {isa = PBXBuildFile; fileRef = BF1E424E900E84E0E4E92F9A /* IconChristmas@2x.png */; };
		F75D4F209E9F5895B4E0FB98 /* IconValentines@3x.png in Resources */ = {isa = PBXBuildFile; fileRef = 6B7B4470BF21A92ED59308BE /* IconValentines@3x.png */; };
/* End PBXBuildFile section */

/* Begin PBXFileReference section */
		0AB04630AD01EAA2CA3729BC /* IconAutumn@2x.png */ = {isa = PBXFileReference; lastKnownFileType = image.png; name = "IconAutumn@2x.png"; path = "App/IconAutumn@2x.png"; sourceTree = SOURCE_ROOT; };
		0DC2472988358518CE75D8A6 /* bloop.wav */ = {isa = PBXFileReference; lastKnownFileType = audio.wav; name = bloop.wav; path = App/sounds/bloop.wav; sourceTree = SOURCE_ROOT; };
		16DC40279989340E9E515A85 /* IconTerra@3x.png */ = {isa = PBXFileReference; lastKnownFileType = image.png; name = "IconTerra@3x.png"; path = "App/IconTerra@3x.png"; sourceTree = SOURCE_ROOT; };
		19EB427BA20B44148C01819D /* IconAutumn@3x.png */ = {isa = PBXFileReference; lastKnownFileType = image.png; name = "IconAutumn@3x.png"; path = "App/IconAutumn@3x.png"; sourceTree = SOURCE_ROOT; };
		2E7B4F7E8280BCF4F50C29DE /* rising.wav */ = {isa = PBXFileReference; lastKnownFileType = audio.wav; name = rising.wav; path = App/sounds/rising.wav; sourceTree = SOURCE_ROOT; };
		2FAD9762203C412B000D30F8 /* config.xml */ = {isa = PBXFileReference; lastKnownFileType = text.xml; path = config.xml; sourceTree = "<group>"; };
		34E94B6FAA9994E82490477A /* descending.wav */ = {isa = PBXFileReference; lastKnownFileType = audio.wav; name = descending.wav; path = App/sounds/descending.wav; sourceTree = SOURCE_ROOT; };
		440D46ACAA30C97D663C66FB /* IconWinter@3x.png */ = {isa = PBXFileReference; lastKnownFileType = image.png; name = "IconWinter@3x.png"; path = "App/IconWinter@3x.png"; sourceTree = SOURCE_ROOT; };
		4BF54C7FA57FB8198B31AB7D /* double-beep.wav */ = {isa = PBXFileReference; lastKnownFileType = audio.wav; name = "double-beep.wav"; path = "App/sounds/double-beep.wav"; sourceTree = SOURCE_ROOT; };
		50379B222058CBB4000EE86E /* capacitor.config.json */ = {isa = PBXFileReference; fileEncoding = 4; lastKnownFileType = text.json; path = capacitor.config.json; sourceTree = "<group>"; };
		504EC3041FED79650016851F /* App.app */ = {isa = PBXFileReference; explicitFileType = wrapper.application; includeInIndex = 0; path = App.app; sourceTree = BUILT_PRODUCTS_DIR; };
		504EC3071FED79650016851F /* AppDelegate.swift */ = {isa = PBXFileReference; lastKnownFileType = sourcecode.swift; path = AppDelegate.swift; sourceTree = "<group>"; };
		504EC30C1FED79650016851F /* Base */ = {isa = PBXFileReference; lastKnownFileType = file.storyboard; name = Base; path = Base.lproj/Main.storyboard; sourceTree = "<group>"; };
		504EC30E1FED79650016851F /* Assets.xcassets */ = {isa = PBXFileReference; lastKnownFileType = folder.assetcatalog; path = Assets.xcassets; sourceTree = "<group>"; };
		504EC3111FED79650016851F /* Base */ = {isa = PBXFileReference; lastKnownFileType = file.storyboard; name = Base; path = Base.lproj/LaunchScreen.storyboard; sourceTree = "<group>"; };
		504EC3131FED79650016851F /* Info.plist */ = {isa = PBXFileReference; lastKnownFileType = text.plist.xml; path = Info.plist; sourceTree = "<group>"; };
		50B271D01FEDC1A000F3C39B /* public */ = {isa = PBXFileReference; lastKnownFileType = folder; path = public; sourceTree = "<group>"; };
		52204284BF5CB5E661F0E7F3 /* soft-bell.wav */ = {isa = PBXFileReference; lastKnownFileType = audio.wav; name = "soft-bell.wav"; path = "App/sounds/soft-bell.wav"; sourceTree = SOURCE_ROOT; };
		527C421686D01E2786EAB1CB /* IconSpring@3x.png */ = {isa = PBXFileReference; lastKnownFileType = image.png; name = "IconSpring@3x.png"; path = "App/IconSpring@3x.png"; sourceTree = SOURCE_ROOT; };
		535A474FAA632F27239A10A9 /* IconHalloween@2x.png */ = {isa = PBXFileReference; lastKnownFileType = image.png; name = "IconHalloween@2x.png"; path = "App/IconHalloween@2x.png"; sourceTree = SOURCE_ROOT; };
		64C44DC89E3667A215018CB0 /* triad.wav */ = {isa = PBXFileReference; lastKnownFileType = audio.wav; name = triad.wav; path = App/sounds/triad.wav; sourceTree = SOURCE_ROOT; };
		66A74C39B444A94D245036D9 /* IconTerra@2x.png */ = {isa = PBXFileReference; lastKnownFileType = image.png; name = "IconTerra@2x.png"; path = "App/IconTerra@2x.png"; sourceTree = SOURCE_ROOT; };
		6B1448C59011E0B8B6255C1D /* alert.wav */ = {isa = PBXFileReference; lastKnownFileType = audio.wav; name = alert.wav; path = App/sounds/alert.wav; sourceTree = SOURCE_ROOT; };
		6B7B4470BF21A92ED59308BE /* IconValentines@3x.png */ = {isa = PBXFileReference; lastKnownFileType = image.png; name = "IconValentines@3x.png"; path = "App/IconValentines@3x.png"; sourceTree = SOURCE_ROOT; };
		7B264F758827821FB1D5D4D9 /* IconChristmas@3x.png */ = {isa = PBXFileReference; lastKnownFileType = image.png; name = "IconChristmas@3x.png"; path = "App/IconChristmas@3x.png"; sourceTree = SOURCE_ROOT; };
		7C0C4A52AA8C9ADDFEEA4088 /* beep.wav */ = {isa = PBXFileReference; lastKnownFileType = audio.wav; name = beep.wav; path = App/sounds/beep.wav; sourceTree = SOURCE_ROOT; };
		7F0B46E9B304C7C43F4E551A /* IconHalloween@3x.png */ = {isa = PBXFileReference; lastKnownFileType = image.png; name = "IconHalloween@3x.png"; path = "App/IconHalloween@3x.png"; sourceTree = SOURCE_ROOT; };
		7FD046D691C7DE7CABDC8BC2 /* IconForest@3x.png */ = {isa = PBXFileReference; lastKnownFileType = image.png; name = "IconForest@3x.png"; path = "App/IconForest@3x.png"; sourceTree = SOURCE_ROOT; };
		81D144A78066E4C40226A82F /* IconSpring@2x.png */ = {isa = PBXFileReference; lastKnownFileType = image.png; name = "IconSpring@2x.png"; path = "App/IconSpring@2x.png"; sourceTree = SOURCE_ROOT; };
		8378443FB38159A5D9E277AB /* IconCream@2x.png */ = {isa = PBXFileReference; lastKnownFileType = image.png; name = "IconCream@2x.png"; path = "App/IconCream@2x.png"; sourceTree = SOURCE_ROOT; };
		87034E6A862641C489E3E6D1 /* IconNewyear@2x.png */ = {isa = PBXFileReference; lastKnownFileType = image.png; name = "IconNewyear@2x.png"; path = "App/IconNewyear@2x.png"; sourceTree = SOURCE_ROOT; };
		958DCC722DB07C7200EA8C5F /* debug.xcconfig */ = {isa = PBXFileReference; lastKnownFileType = text.xcconfig; name = debug.xcconfig; path = ../debug.xcconfig; sourceTree = SOURCE_ROOT; };
		980840F5957BB0F8286D99CD /* IconCream@3x.png */ = {isa = PBXFileReference; lastKnownFileType = image.png; name = "IconCream@3x.png"; path = "App/IconCream@3x.png"; sourceTree = SOURCE_ROOT; };
		A3814E3E898E68B4B2F9C9F3 /* IconSummer@3x.png */ = {isa = PBXFileReference; lastKnownFileType = image.png; name = "IconSummer@3x.png"; path = "App/IconSummer@3x.png"; sourceTree = SOURCE_ROOT; };
		BB0B4D8FBBF3CA52F4987B25 /* pluck.wav */ = {isa = PBXFileReference; lastKnownFileType = audio.wav; name = pluck.wav; path = App/sounds/pluck.wav; sourceTree = SOURCE_ROOT; };
		BF1E424E900E84E0E4E92F9A /* IconChristmas@2x.png */ = {isa = PBXFileReference; lastKnownFileType = image.png; name = "IconChristmas@2x.png"; path = "App/IconChristmas@2x.png"; sourceTree = SOURCE_ROOT; };
		C16440A1B61CA36F10CEB803 /* IconForest@2x.png */ = {isa = PBXFileReference; lastKnownFileType = image.png; name = "IconForest@2x.png"; path = "App/IconForest@2x.png"; sourceTree = SOURCE_ROOT; };
		C5D84AE2B35FEF341014AD23 /* ding.wav */ = {isa = PBXFileReference; lastKnownFileType = audio.wav; name = ding.wav; path = App/sounds/ding.wav; sourceTree = SOURCE_ROOT; };
		CED44204AEC24F707753F7D5 /* marimba.wav */ = {isa = PBXFileReference; lastKnownFileType = audio.wav; name = marimba.wav; path = App/sounds/marimba.wav; sourceTree = SOURCE_ROOT; };
		D5494DF5A1C8B3B310420EB0 /* IconNewyear@3x.png */ = {isa = PBXFileReference; lastKnownFileType = image.png; name = "IconNewyear@3x.png"; path = "App/IconNewyear@3x.png"; sourceTree = SOURCE_ROOT; };
		D8DB439384A994ECAE9893B7 /* IconValentines@2x.png */ = {isa = PBXFileReference; lastKnownFileType = image.png; name = "IconValentines@2x.png"; path = "App/IconValentines@2x.png"; sourceTree = SOURCE_ROOT; };
		E2D74A0EBFBBEFD0C551BB6C /* IconWinter@2x.png */ = {isa = PBXFileReference; lastKnownFileType = image.png; name = "IconWinter@2x.png"; path = "App/IconWinter@2x.png"; sourceTree = SOURCE_ROOT; };
		E35C4ECDA614F5608A4BCA85 /* chime.wav */ = {isa = PBXFileReference; lastKnownFileType = audio.wav; name = chime.wav; path = App/sounds/chime.wav; sourceTree = SOURCE_ROOT; };
		FA4A450C9053896E9AA90AB8 /* IconSummer@2x.png */ = {isa = PBXFileReference; lastKnownFileType = image.png; name = "IconSummer@2x.png"; path = "App/IconSummer@2x.png"; sourceTree = SOURCE_ROOT; };
/* End PBXFileReference section */

/* Begin PBXFrameworksBuildPhase section */
		504EC3011FED79650016851F /* Frameworks */ = {
			isa = PBXFrameworksBuildPhase;
			buildActionMask = 2147483647;
			files = (
				4D22ABE92AF431CB00220026 /* CapApp-SPM in Frameworks */,
			);
			runOnlyForDeploymentPostprocessing = 0;
		};
/* End PBXFrameworksBuildPhase section */

/* Begin PBXGroup section */
		504EC2FB1FED79650016851F = {
			isa = PBXGroup;
			children = (
				958DCC722DB07C7200EA8C5F /* debug.xcconfig */,
				504EC3061FED79650016851F /* App */,
				504EC3051FED79650016851F /* Products */,
				E35C4ECDA614F5608A4BCA85 /* chime.wav */,
				C5D84AE2B35FEF341014AD23 /* ding.wav */,
				52204284BF5CB5E661F0E7F3 /* soft-bell.wav */,
				7C0C4A52AA8C9ADDFEEA4088 /* beep.wav */,
				4BF54C7FA57FB8198B31AB7D /* double-beep.wav */,
				CED44204AEC24F707753F7D5 /* marimba.wav */,
				BB0B4D8FBBF3CA52F4987B25 /* pluck.wav */,
				64C44DC89E3667A215018CB0 /* triad.wav */,
				2E7B4F7E8280BCF4F50C29DE /* rising.wav */,
				34E94B6FAA9994E82490477A /* descending.wav */,
				0DC2472988358518CE75D8A6 /* bloop.wav */,
				6B1448C59011E0B8B6255C1D /* alert.wav */,
				66A74C39B444A94D245036D9 /* IconTerra@2x.png */,
				16DC40279989340E9E515A85 /* IconTerra@3x.png */,
				C16440A1B61CA36F10CEB803 /* IconForest@2x.png */,
				7FD046D691C7DE7CABDC8BC2 /* IconForest@3x.png */,
				8378443FB38159A5D9E277AB /* IconCream@2x.png */,
				980840F5957BB0F8286D99CD /* IconCream@3x.png */,
				81D144A78066E4C40226A82F /* IconSpring@2x.png */,
				FA4A450C9053896E9AA90AB8 /* IconSummer@2x.png */,
				0AB04630AD01EAA2CA3729BC /* IconAutumn@2x.png */,
				E2D74A0EBFBBEFD0C551BB6C /* IconWinter@2x.png */,
				535A474FAA632F27239A10A9 /* IconHalloween@2x.png */,
				BF1E424E900E84E0E4E92F9A /* IconChristmas@2x.png */,
				87034E6A862641C489E3E6D1 /* IconNewyear@2x.png */,
				527C421686D01E2786EAB1CB /* IconSpring@3x.png */,
				A3814E3E898E68B4B2F9C9F3 /* IconSummer@3x.png */,
				19EB427BA20B44148C01819D /* IconAutumn@3x.png */,
				440D46ACAA30C97D663C66FB /* IconWinter@3x.png */,
				7F0B46E9B304C7C43F4E551A /* IconHalloween@3x.png */,
				7B264F758827821FB1D5D4D9 /* IconChristmas@3x.png */,
				D5494DF5A1C8B3B310420EB0 /* IconNewyear@3x.png */,
				D8DB439384A994ECAE9893B7 /* IconValentines@2x.png */,
				6B7B4470BF21A92ED59308BE /* IconValentines@3x.png */,
			);
			sourceTree = "<group>";
		};
		504EC3051FED79650016851F /* Products */ = {
			isa = PBXGroup;
			children = (
				504EC3041FED79650016851F /* App.app */,
			);
			name = Products;
			sourceTree = "<group>";
		};
		504EC3061FED79650016851F /* App */ = {
			isa = PBXGroup;
			children = (
				50379B222058CBB4000EE86E /* capacitor.config.json */,
				504EC3071FED79650016851F /* AppDelegate.swift */,
				504EC30B1FED79650016851F /* Main.storyboard */,
				504EC30E1FED79650016851F /* Assets.xcassets */,
				504EC3101FED79650016851F /* LaunchScreen.storyboard */,
				504EC3131FED79650016851F /* Info.plist */,
				2FAD9762203C412B000D30F8 /* config.xml */,
				50B271D01FEDC1A000F3C39B /* public */,
			);
			path = App;
			sourceTree = "<group>";
		};
/* End PBXGroup section */

/* Begin PBXNativeTarget section */
		504EC3031FED79650016851F /* App */ = {
			isa = PBXNativeTarget;
			buildConfigurationList = 504EC3161FED79650016851F /* Build configuration list for PBXNativeTarget "App" */;
			buildPhases = (
				504EC3001FED79650016851F /* Sources */,
				504EC3011FED79650016851F /* Frameworks */,
				504EC3021FED79650016851F /* Resources */,
			);
			buildRules = (
			);
			dependencies = (
			);
			name = App;
			packageProductDependencies = (
				4D22ABE82AF431CB00220026 /* CapApp-SPM */,
			);
			productName = App;
			productReference = 504EC3041FED79650016851F /* App.app */;
			productType = "com.apple.product-type.application";
		};
/* End PBXNativeTarget section */

/* Begin PBXProject section */
		504EC2FC1FED79650016851F /* Project object */ = {
			isa = PBXProject;
			attributes = {
				LastSwiftUpdateCheck = 0920;
				LastUpgradeCheck = 0920;
				TargetAttributes = {
					504EC3031FED79650016851F = {
						CreatedOnToolsVersion = 9.2;
						LastSwiftMigration = 1100;
						ProvisioningStyle = Automatic;
					};
				};
			};
			buildConfigurationList = 504EC2FF1FED79650016851F /* Build configuration list for PBXProject "App" */;
			compatibilityVersion = "Xcode 8.0";
			developmentRegion = en;
			hasScannedForEncodings = 0;
			knownRegions = (
				en,
				Base,
			);
			mainGroup = 504EC2FB1FED79650016851F;
			packageReferences = (
				D4C12C0A2AAA248700AAC8A2 /* XCLocalSwiftPackageReference "CapApp-SPM" */,
			);
			productRefGroup = 504EC3051FED79650016851F /* Products */;
			projectDirPath = "";
			projectRoot = "";
			targets = (
				504EC3031FED79650016851F /* App */,
			);
		};
/* End PBXProject section */

/* Begin PBXResourcesBuildPhase section */
		504EC3021FED79650016851F /* Resources */ = {
			isa = PBXResourcesBuildPhase;
			buildActionMask = 2147483647;
			files = (
				504EC3121FED79650016851F /* LaunchScreen.storyboard in Resources */,
				50B271D11FEDC1A000F3C39B /* public in Resources */,
				504EC30F1FED79650016851F /* Assets.xcassets in Resources */,
				50379B232058CBB4000EE86E /* capacitor.config.json in Resources */,
				504EC30D1FED79650016851F /* Main.storyboard in Resources */,
				2FAD9763203C412B000D30F8 /* config.xml in Resources */,
				A6FE4CF2821F1740D1257DA3 /* chime.wav in Resources */,
				68FB4CF5B94BFF50F8532283 /* ding.wav in Resources */,
				864F4BCCB17793CDCFACC136 /* soft-bell.wav in Resources */,
				A53F4D44830B7FE965725E53 /* beep.wav in Resources */,
				BB544BB2A391583B7B56AC9D /* double-beep.wav in Resources */,
				349A43FAA8259B8CE691ACB0 /* marimba.wav in Resources */,
				C70B46E993545D9D6A53B8F8 /* pluck.wav in Resources */,
				661B4CA4913940A81B79EEDD /* triad.wav in Resources */,
				72184346A960EAE37984A085 /* rising.wav in Resources */,
				CF2B4AB08D91587421D81E18 /* descending.wav in Resources */,
				10D5462B9204E6941A015B95 /* bloop.wav in Resources */,
				B94C430F936BCF8D4E45CF11 /* alert.wav in Resources */,
				B16A4757BAA10F870675D445 /* IconTerra@2x.png in Resources */,
				333C4E1B8215290457F16CE2 /* IconTerra@3x.png in Resources */,
				264944EA87A1855B603B9664 /* IconForest@2x.png in Resources */,
				A47446328028090BF99F5826 /* IconForest@3x.png in Resources */,
				1D684953B71538B1FAB107CA /* IconCream@2x.png in Resources */,
				B23047509FB2CE04C851F7C6 /* IconCream@3x.png in Resources */,
				D2344EB2965A59C4EE8D02A9 /* IconSpring@2x.png in Resources */,
				43F8452BBEC95B1734D9E3CA /* IconSummer@2x.png in Resources */,
				6A4C4986B53301B92340BBA7 /* IconAutumn@2x.png in Resources */,
				DFCC4B8A8733B322163FDB64 /* IconWinter@2x.png in Resources */,
				BBF046D3AA15E3946E392CAA /* IconHalloween@2x.png in Resources */,
				F2744E48ACFF748A9EC083A7 /* IconChristmas@2x.png in Resources */,
				67DE460B85DD1A3505E326FF /* IconNewyear@2x.png in Resources */,
				22AA444ABBE94E2AC3C98CE0 /* IconSpring@3x.png in Resources */,
				7ED34FEAA4900D6229A20CD8 /* IconSummer@3x.png in Resources */,
				15EA4C49A62B433BA56BA1DC /* IconAutumn@3x.png in Resources */,
				A4A44C68BD52723AFA551E31 /* IconWinter@3x.png in Resources */,
				204A4FAAB76DCFE004DC4B4D /* IconHalloween@3x.png in Resources */,
				1DFB406D8873FD53F4A470DC /* IconChristmas@3x.png in Resources */,
				ACCB4DF5BEF4ED6122FB117E /* IconNewyear@3x.png in Resources */,
				EA2547C4902670246C3976C6 /* IconValentines@2x.png in Resources */,
				F75D4F209E9F5895B4E0FB98 /* IconValentines@3x.png in Resources */,
			);
			runOnlyForDeploymentPostprocessing = 0;
		};
/* End PBXResourcesBuildPhase section */

/* Begin PBXSourcesBuildPhase section */
		504EC3001FED79650016851F /* Sources */ = {
			isa = PBXSourcesBuildPhase;
			buildActionMask = 2147483647;
			files = (
				504EC3081FED79650016851F /* AppDelegate.swift in Sources */,
			);
			runOnlyForDeploymentPostprocessing = 0;
		};
/* End PBXSourcesBuildPhase section */

/* Begin PBXVariantGroup section */
		504EC30B1FED79650016851F /* Main.storyboard */ = {
			isa = PBXVariantGroup;
			children = (
				504EC30C1FED79650016851F /* Base */,
			);
			name = Main.storyboard;
			sourceTree = "<group>";
		};
		504EC3101FED79650016851F /* LaunchScreen.storyboard */ = {
			isa = PBXVariantGroup;
			children = (
				504EC3111FED79650016851F /* Base */,
			);
			name = LaunchScreen.storyboard;
			sourceTree = "<group>";
		};
/* End PBXVariantGroup section */

/* Begin XCBuildConfiguration section */
		504EC3141FED79650016851F /* Debug */ = {
			isa = XCBuildConfiguration;
			baseConfigurationReference = 958DCC722DB07C7200EA8C5F /* debug.xcconfig */;
			buildSettings = {
				ALWAYS_SEARCH_USER_PATHS = NO;
				CLANG_ANALYZER_NONNULL = YES;
				CLANG_ANALYZER_NUMBER_OBJECT_CONVERSION = YES_AGGRESSIVE;
				CLANG_CXX_LANGUAGE_STANDARD = "gnu++14";
				CLANG_CXX_LIBRARY = "libc++";
				CLANG_ENABLE_MODULES = YES;
				CLANG_ENABLE_OBJC_ARC = YES;
				CLANG_WARN_BLOCK_CAPTURE_AUTORELEASING = YES;
				CLANG_WARN_BOOL_CONVERSION = YES;
				CLANG_WARN_COMMA = YES;
				CLANG_WARN_CONSTANT_CONVERSION = YES;
				CLANG_WARN_DIRECT_OBJC_ISA_USAGE = YES_ERROR;
				CLANG_WARN_DOCUMENTATION_COMMENTS = YES;
				CLANG_WARN_EMPTY_BODY = YES;
				CLANG_WARN_ENUM_CONVERSION = YES;
				CLANG_WARN_INFINITE_RECURSION = YES;
				CLANG_WARN_INT_CONVERSION = YES;
				CLANG_WARN_NON_LITERAL_NULL_CONVERSION = YES;
				CLANG_WARN_OBJC_LITERAL_CONVERSION = YES;
				CLANG_WARN_OBJC_ROOT_CLASS = YES_ERROR;
				CLANG_WARN_RANGE_LOOP_ANALYSIS = YES;
				CLANG_WARN_STRICT_PROTOTYPES = YES;
				CLANG_WARN_SUSPICIOUS_MOVE = YES;
				CLANG_WARN_UNGUARDED_AVAILABILITY = YES_AGGRESSIVE;
				CLANG_WARN_UNREACHABLE_CODE = YES;
				CLANG_WARN__DUPLICATE_METHOD_MATCH = YES;
				CODE_SIGN_IDENTITY = "iPhone Developer";
				COPY_PHASE_STRIP = NO;
				DEBUG_INFORMATION_FORMAT = dwarf;
				ENABLE_STRICT_OBJC_MSGSEND = YES;
				ENABLE_TESTABILITY = YES;
				GCC_C_LANGUAGE_STANDARD = gnu11;
				GCC_DYNAMIC_NO_PIC = NO;
				GCC_NO_COMMON_BLOCKS = YES;
				GCC_OPTIMIZATION_LEVEL = 0;
				GCC_PREPROCESSOR_DEFINITIONS = (
					"DEBUG=1",
					"$(inherited)",
				);
				GCC_WARN_64_TO_32_BIT_CONVERSION = YES;
				GCC_WARN_ABOUT_RETURN_TYPE = YES_ERROR;
				GCC_WARN_UNDECLARED_SELECTOR = YES;
				GCC_WARN_UNINITIALIZED_AUTOS = YES_AGGRESSIVE;
				GCC_WARN_UNUSED_FUNCTION = YES;
				GCC_WARN_UNUSED_VARIABLE = YES;
				IPHONEOS_DEPLOYMENT_TARGET = 15.0;
				MTL_ENABLE_DEBUG_INFO = YES;
				ONLY_ACTIVE_ARCH = YES;
				SDKROOT = iphoneos;
				SWIFT_ACTIVE_COMPILATION_CONDITIONS = DEBUG;
				SWIFT_OPTIMIZATION_LEVEL = "-Onone";
			};
			name = Debug;
		};
		504EC3151FED79650016851F /* Release */ = {
			isa = XCBuildConfiguration;
			buildSettings = {
				ALWAYS_SEARCH_USER_PATHS = NO;
				CLANG_ANALYZER_NONNULL = YES;
				CLANG_ANALYZER_NUMBER_OBJECT_CONVERSION = YES_AGGRESSIVE;
				CLANG_CXX_LANGUAGE_STANDARD = "gnu++14";
				CLANG_CXX_LIBRARY = "libc++";
				CLANG_ENABLE_MODULES = YES;
				CLANG_ENABLE_OBJC_ARC = YES;
				CLANG_WARN_BLOCK_CAPTURE_AUTORELEASING = YES;
				CLANG_WARN_BOOL_CONVERSION = YES;
				CLANG_WARN_COMMA = YES;
				CLANG_WARN_CONSTANT_CONVERSION = YES;
				CLANG_WARN_DIRECT_OBJC_ISA_USAGE = YES_ERROR;
				CLANG_WARN_DOCUMENTATION_COMMENTS = YES;
				CLANG_WARN_EMPTY_BODY = YES;
				CLANG_WARN_ENUM_CONVERSION = YES;
				CLANG_WARN_INFINITE_RECURSION = YES;
				CLANG_WARN_INT_CONVERSION = YES;
				CLANG_WARN_NON_LITERAL_NULL_CONVERSION = YES;
				CLANG_WARN_OBJC_LITERAL_CONVERSION = YES;
				CLANG_WARN_OBJC_ROOT_CLASS = YES_ERROR;
				CLANG_WARN_RANGE_LOOP_ANALYSIS = YES;
				CLANG_WARN_STRICT_PROTOTYPES = YES;
				CLANG_WARN_SUSPICIOUS_MOVE = YES;
				CLANG_WARN_UNGUARDED_AVAILABILITY = YES_AGGRESSIVE;
				CLANG_WARN_UNREACHABLE_CODE = YES;
				CLANG_WARN__DUPLICATE_METHOD_MATCH = YES;
				CODE_SIGN_IDENTITY = "iPhone Developer";
				COPY_PHASE_STRIP = NO;
				DEBUG_INFORMATION_FORMAT = "dwarf-with-dsym";
				ENABLE_NS_ASSERTIONS = NO;
				ENABLE_STRICT_OBJC_MSGSEND = YES;
				GCC_C_LANGUAGE_STANDARD = gnu11;
				GCC_NO_COMMON_BLOCKS = YES;
				GCC_WARN_64_TO_32_BIT_CONVERSION = YES;
				GCC_WARN_ABOUT_RETURN_TYPE = YES_ERROR;
				GCC_WARN_UNDECLARED_SELECTOR = YES;
				GCC_WARN_UNINITIALIZED_AUTOS = YES_AGGRESSIVE;
				GCC_WARN_UNUSED_FUNCTION = YES;
				GCC_WARN_UNUSED_VARIABLE = YES;
				IPHONEOS_DEPLOYMENT_TARGET = 15.0;
				MTL_ENABLE_DEBUG_INFO = NO;
				SDKROOT = iphoneos;
				SWIFT_COMPILATION_MODE = wholemodule;
				SWIFT_OPTIMIZATION_LEVEL = "-O";
				VALIDATE_PRODUCT = YES;
			};
			name = Release;
		};
		504EC3171FED79650016851F /* Debug */ = {
			isa = XCBuildConfiguration;
			baseConfigurationReference = 958DCC722DB07C7200EA8C5F /* debug.xcconfig */;
			buildSettings = {
				ASSETCATALOG_COMPILER_APPICON_NAME = AppIcon;
				CODE_SIGN_STYLE = Automatic;
				CURRENT_PROJECT_VERSION = 1;
				INFOPLIST_FILE = App/Info.plist;
				IPHONEOS_DEPLOYMENT_TARGET = 15.0;
				LD_RUNPATH_SEARCH_PATHS = (
					"$(inherited)",
					"@executable_path/Frameworks",
				);
				MARKETING_VERSION = 1.0;
				OTHER_SWIFT_FLAGS = "$(inherited) \"-D\" \"COCOAPODS\" \"-DDEBUG\"";
				PRODUCT_BUNDLE_IDENTIFIER = com.DBstudios.lull;
				PRODUCT_NAME = "$(TARGET_NAME)";
				SWIFT_ACTIVE_COMPILATION_CONDITIONS = DEBUG;
				SWIFT_VERSION = 5.0;
				TARGETED_DEVICE_FAMILY = "1,2";
			};
			name = Debug;
		};
		504EC3181FED79650016851F /* Release */ = {
			isa = XCBuildConfiguration;
			buildSettings = {
				ASSETCATALOG_COMPILER_APPICON_NAME = AppIcon;
				CODE_SIGN_STYLE = Automatic;
				CURRENT_PROJECT_VERSION = 1;
				INFOPLIST_FILE = App/Info.plist;
				IPHONEOS_DEPLOYMENT_TARGET = 15.0;
				LD_RUNPATH_SEARCH_PATHS = (
					"$(inherited)",
					"@executable_path/Frameworks",
				);
				MARKETING_VERSION = 1.0;
				PRODUCT_BUNDLE_IDENTIFIER = com.DBstudios.lull;
				PRODUCT_NAME = "$(TARGET_NAME)";
				SWIFT_ACTIVE_COMPILATION_CONDITIONS = "";
				SWIFT_VERSION = 5.0;
				TARGETED_DEVICE_FAMILY = "1,2";
			};
			name = Release;
		};
/* End XCBuildConfiguration section */

/* Begin XCConfigurationList section */
		504EC2FF1FED79650016851F /* Build configuration list for PBXProject "App" */ = {
			isa = XCConfigurationList;
			buildConfigurations = (
				504EC3141FED79650016851F /* Debug */,
				504EC3151FED79650016851F /* Release */,
			);
			defaultConfigurationIsVisible = 0;
			defaultConfigurationName = Release;
		};
		504EC3161FED79650016851F /* Build configuration list for PBXNativeTarget "App" */ = {
			isa = XCConfigurationList;
			buildConfigurations = (
				504EC3171FED79650016851F /* Debug */,
				504EC3181FED79650016851F /* Release */,
			);
			defaultConfigurationIsVisible = 0;
			defaultConfigurationName = Release;
		};
/* End XCConfigurationList section */

/* Begin XCLocalSwiftPackageReference section */
		D4C12C0A2AAA248700AAC8A2 /* XCLocalSwiftPackageReference "CapApp-SPM" */ = {
			isa = XCLocalSwiftPackageReference;
			relativePath = "CapApp-SPM";
		};
/* End XCLocalSwiftPackageReference section */

/* Begin XCSwiftPackageProductDependency section */
		4D22ABE82AF431CB00220026 /* CapApp-SPM */ = {
			isa = XCSwiftPackageProductDependency;
			package = D4C12C0A2AAA248700AAC8A2 /* XCLocalSwiftPackageReference "CapApp-SPM" */;
			productName = "CapApp-SPM";
		};
/* End XCSwiftPackageProductDependency section */
	};
	rootObject = 504EC2FC1FED79650016851F /* Project object */;
}
